// !$*UTF8*$!
{
	archiveVersion = 1;
	classes = {
	};
	objectVersion = 55;
	objects = {

/* Begin PBXBuildFile section */
		674EAC332738635D00501D91 /* Camera-SwiftUI in Frameworks */ = {isa = PBXBuildFile; productRef = 674EAC322738635D00501D91 /* Camera-SwiftUI */; };
		6770DDD12736EFB900AA5277 /* AntiVaxxApp.swift in Sources */ = {isa = PBXBuildFile; fileRef = 6770DDD02736EFB900AA5277 /* AntiVaxxApp.swift */; };
		6770DDD32736EFB900AA5277 /* ContentView.swift in Sources */ = {isa = PBXBuildFile; fileRef = 6770DDD22736EFB900AA5277 /* ContentView.swift */; };
		6770DDD52736EFBA00AA5277 /* Assets.xcassets in Resources */ = {isa = PBXBuildFile; fileRef = 6770DDD42736EFBA00AA5277 /* Assets.xcassets */; };
		6770DDD82736EFBA00AA5277 /* Preview Assets.xcassets in Resources */ = {isa = PBXBuildFile; fileRef = 6770DDD72736EFBA00AA5277 /* Preview Assets.xcassets */; };
		6770DDE22736EFBA00AA5277 /* AntiVaxxTests.swift in Sources */ = {isa = PBXBuildFile; fileRef = 6770DDE12736EFBA00AA5277 /* AntiVaxxTests.swift */; };
		6770DDEC2736EFBA00AA5277 /* AntiVaxxUITests.swift in Sources */ = {isa = PBXBuildFile; fileRef = 6770DDEB2736EFBA00AA5277 /* AntiVaxxUITests.swift */; };
		6770DDEE2736EFBA00AA5277 /* AntiVaxxUITestsLaunchTests.swift in Sources */ = {isa = PBXBuildFile; fileRef = 6770DDED2736EFBA00AA5277 /* AntiVaxxUITestsLaunchTests.swift */; };
		67CDA3C02737068B0056C487 /* FirebaseAuth in Frameworks */ = {isa = PBXBuildFile; productRef = 67CDA3BF2737068B0056C487 /* FirebaseAuth */; };
		67CDA3C22737068B0056C487 /* FirebaseStorage in Frameworks */ = {isa = PBXBuildFile; productRef = 67CDA3C12737068B0056C487 /* FirebaseStorage */; };
		67CDA3C4273710000056C487 /* HomeView.swift in Sources */ = {isa = PBXBuildFile; fileRef = 67CDA3C3273710000056C487 /* HomeView.swift */; };
		67CDA3C6273710620056C487 /* RecordingView.swift in Sources */ = {isa = PBXBuildFile; fileRef = 67CDA3C5273710620056C487 /* RecordingView.swift */; };
		67CDA3C8273710970056C487 /* SettingsView.swift in Sources */ = {isa = PBXBuildFile; fileRef = 67CDA3C7273710970056C487 /* SettingsView.swift */; };
		67CDA3CB273729100056C487 /* CameraModel.swift in Sources */ = {isa = PBXBuildFile; fileRef = 67CDA3CA273729100056C487 /* CameraModel.swift */; };
		67CDA3CD273729450056C487 /* Video.swift in Sources */ = {isa = PBXBuildFile; fileRef = 67CDA3CC273729450056C487 /* Video.swift */; };
		67CDA3CF273729960056C487 /* TempVideoFile.swift in Sources */ = {isa = PBXBuildFile; fileRef = 67CDA3CE273729960056C487 /* TempVideoFile.swift */; };
		67CDA3D22737468F0056C487 /* AVAsset+Extensions.swift in Sources */ = {isa = PBXBuildFile; fileRef = 67CDA3D12737468F0056C487 /* AVAsset+Extensions.swift */; };
		67CDA3D42737481D0056C487 /* VideoRecordingView.swift in Sources */ = {isa = PBXBuildFile; fileRef = 67CDA3D32737481D0056C487 /* VideoRecordingView.swift */; };
		67CDA3D6273748870056C487 /* PreviewView.swift in Sources */ = {isa = PBXBuildFile; fileRef = 67CDA3D5273748870056C487 /* PreviewView.swift */; };
/* End PBXBuildFile section */

/* Begin PBXContainerItemProxy section */
		6770DDDE2736EFBA00AA5277 /* PBXContainerItemProxy */ = {
			isa = PBXContainerItemProxy;
			containerPortal = 6770DDC52736EFB900AA5277 /* Project object */;
			proxyType = 1;
			remoteGlobalIDString = 6770DDCC2736EFB900AA5277;
			remoteInfo = AntiVaxx;
		};
		6770DDE82736EFBA00AA5277 /* PBXContainerItemProxy */ = {
			isa = PBXContainerItemProxy;
			containerPortal = 6770DDC52736EFB900AA5277 /* Project object */;
			proxyType = 1;
			remoteGlobalIDString = 6770DDCC2736EFB900AA5277;
			remoteInfo = AntiVaxx;
		};
/* End PBXContainerItemProxy section */

/* Begin PBXFileReference section */
		6770DDCD2736EFB900AA5277 /* AntiVaxx.app */ = {isa = PBXFileReference; explicitFileType = wrapper.application; includeInIndex = 0; path = AntiVaxx.app; sourceTree = BUILT_PRODUCTS_DIR; };
		6770DDD02736EFB900AA5277 /* AntiVaxxApp.swift */ = {isa = PBXFileReference; lastKnownFileType = sourcecode.swift; path = AntiVaxxApp.swift; sourceTree = "<group>"; };
		6770DDD22736EFB900AA5277 /* ContentView.swift */ = {isa = PBXFileReference; lastKnownFileType = sourcecode.swift; path = ContentView.swift; sourceTree = "<group>"; };
		6770DDD42736EFBA00AA5277 /* Assets.xcassets */ = {isa = PBXFileReference; lastKnownFileType = folder.assetcatalog; path = Assets.xcassets; sourceTree = "<group>"; };
		6770DDD72736EFBA00AA5277 /* Preview Assets.xcassets */ = {isa = PBXFileReference; lastKnownFileType = folder.assetcatalog; path = "Preview Assets.xcassets"; sourceTree = "<group>"; };
		6770DDDD2736EFBA00AA5277 /* AntiVaxxTests.xctest */ = {isa = PBXFileReference; explicitFileType = wrapper.cfbundle; includeInIndex = 0; path = AntiVaxxTests.xctest; sourceTree = BUILT_PRODUCTS_DIR; };
		6770DDE12736EFBA00AA5277 /* AntiVaxxTests.swift */ = {isa = PBXFileReference; lastKnownFileType = sourcecode.swift; path = AntiVaxxTests.swift; sourceTree = "<group>"; };
		6770DDE72736EFBA00AA5277 /* AntiVaxxUITests.xctest */ = {isa = PBXFileReference; explicitFileType = wrapper.cfbundle; includeInIndex = 0; path = AntiVaxxUITests.xctest; sourceTree = BUILT_PRODUCTS_DIR; };
		6770DDEB2736EFBA00AA5277 /* AntiVaxxUITests.swift */ = {isa = PBXFileReference; lastKnownFileType = sourcecode.swift; path = AntiVaxxUITests.swift; sourceTree = "<group>"; };
		6770DDED2736EFBA00AA5277 /* AntiVaxxUITestsLaunchTests.swift */ = {isa = PBXFileReference; lastKnownFileType = sourcecode.swift; path = AntiVaxxUITestsLaunchTests.swift; sourceTree = "<group>"; };
		67CDA3C3273710000056C487 /* HomeView.swift */ = {isa = PBXFileReference; lastKnownFileType = sourcecode.swift; path = HomeView.swift; sourceTree = "<group>"; };
		67CDA3C5273710620056C487 /* RecordingView.swift */ = {isa = PBXFileReference; lastKnownFileType = sourcecode.swift; path = RecordingView.swift; sourceTree = "<group>"; };
		67CDA3C7273710970056C487 /* SettingsView.swift */ = {isa = PBXFileReference; lastKnownFileType = sourcecode.swift; path = SettingsView.swift; sourceTree = "<group>"; };
		67CDA3CA273729100056C487 /* CameraModel.swift */ = {isa = PBXFileReference; lastKnownFileType = sourcecode.swift; path = CameraModel.swift; sourceTree = "<group>"; };
		67CDA3CC273729450056C487 /* Video.swift */ = {isa = PBXFileReference; lastKnownFileType = sourcecode.swift; path = Video.swift; sourceTree = "<group>"; };
		67CDA3CE273729960056C487 /* TempVideoFile.swift */ = {isa = PBXFileReference; lastKnownFileType = sourcecode.swift; path = TempVideoFile.swift; sourceTree = "<group>"; };
		67CDA3D12737468F0056C487 /* AVAsset+Extensions.swift */ = {isa = PBXFileReference; lastKnownFileType = sourcecode.swift; path = "AVAsset+Extensions.swift"; sourceTree = "<group>"; };
		67CDA3D32737481D0056C487 /* VideoRecordingView.swift */ = {isa = PBXFileReference; lastKnownFileType = sourcecode.swift; path = VideoRecordingView.swift; sourceTree = "<group>"; };
		67CDA3D5273748870056C487 /* PreviewView.swift */ = {isa = PBXFileReference; lastKnownFileType = sourcecode.swift; path = PreviewView.swift; sourceTree = "<group>"; };
/* End PBXFileReference section */

/* Begin PBXFrameworksBuildPhase section */
		6770DDCA2736EFB900AA5277 /* Frameworks */ = {
			isa = PBXFrameworksBuildPhase;
			buildActionMask = 2147483647;
			files = (
				67CDA3C02737068B0056C487 /* FirebaseAuth in Frameworks */,
				674EAC332738635D00501D91 /* Camera-SwiftUI in Frameworks */,
				67CDA3C22737068B0056C487 /* FirebaseStorage in Frameworks */,
			);
			runOnlyForDeploymentPostprocessing = 0;
		};
		6770DDDA2736EFBA00AA5277 /* Frameworks */ = {
			isa = PBXFrameworksBuildPhase;
			buildActionMask = 2147483647;
			files = (
			);
			runOnlyForDeploymentPostprocessing = 0;
		};
		6770DDE42736EFBA00AA5277 /* Frameworks */ = {
			isa = PBXFrameworksBuildPhase;
			buildActionMask = 2147483647;
			files = (
			);
			runOnlyForDeploymentPostprocessing = 0;
		};
/* End PBXFrameworksBuildPhase section */

/* Begin PBXGroup section */
		6770DDC42736EFB900AA5277 = {
			isa = PBXGroup;
			children = (
				6770DDCF2736EFB900AA5277 /* AntiVaxx */,
				6770DDE02736EFBA00AA5277 /* AntiVaxxTests */,
				6770DDEA2736EFBA00AA5277 /* AntiVaxxUITests */,
				6770DDCE2736EFB900AA5277 /* Products */,
			);
			sourceTree = "<group>";
		};
		6770DDCE2736EFB900AA5277 /* Products */ = {
			isa = PBXGroup;
			children = (
				6770DDCD2736EFB900AA5277 /* AntiVaxx.app */,
				6770DDDD2736EFBA00AA5277 /* AntiVaxxTests.xctest */,
				6770DDE72736EFBA00AA5277 /* AntiVaxxUITests.xctest */,
			);
			name = Products;
			sourceTree = "<group>";
		};
		6770DDCF2736EFB900AA5277 /* AntiVaxx */ = {
			isa = PBXGroup;
			children = (
				67CDA3D02737467A0056C487 /* Extensions */,
				6770DDD02736EFB900AA5277 /* AntiVaxxApp.swift */,
				6770DDD22736EFB900AA5277 /* ContentView.swift */,
				67CDA3C7273710970056C487 /* SettingsView.swift */,
				67CDA3C9273728F50056C487 /* Capture */,
				67CDA3C3273710000056C487 /* HomeView.swift */,
				67CDA3CC273729450056C487 /* Video.swift */,
				67CDA3CE273729960056C487 /* TempVideoFile.swift */,
				6770DDD42736EFBA00AA5277 /* Assets.xcassets */,
				6770DDD62736EFBA00AA5277 /* Preview Content */,
			);
			path = AntiVaxx;
			sourceTree = "<group>";
		};
		6770DDD62736EFBA00AA5277 /* Preview Content */ = {
			isa = PBXGroup;
			children = (
				6770DDD72736EFBA00AA5277 /* Preview Assets.xcassets */,
			);
			path = "Preview Content";
			sourceTree = "<group>";
		};
		6770DDE02736EFBA00AA5277 /* AntiVaxxTests */ = {
			isa = PBXGroup;
			children = (
				6770DDE12736EFBA00AA5277 /* AntiVaxxTests.swift */,
			);
			path = AntiVaxxTests;
			sourceTree = "<group>";
		};
		6770DDEA2736EFBA00AA5277 /* AntiVaxxUITests */ = {
			isa = PBXGroup;
			children = (
				6770DDEB2736EFBA00AA5277 /* AntiVaxxUITests.swift */,
				6770DDED2736EFBA00AA5277 /* AntiVaxxUITestsLaunchTests.swift */,
			);
			path = AntiVaxxUITests;
			sourceTree = "<group>";
		};
		67CDA3C9273728F50056C487 /* Capture */ = {
			isa = PBXGroup;
			children = (
				67CDA3C5273710620056C487 /* RecordingView.swift */,
				67CDA3D32737481D0056C487 /* VideoRecordingView.swift */,
				67CDA3D5273748870056C487 /* PreviewView.swift */,
				67CDA3CA273729100056C487 /* CameraModel.swift */,
			);
			path = Capture;
			sourceTree = "<group>";
		};
		67CDA3D02737467A0056C487 /* Extensions */ = {
			isa = PBXGroup;
			children = (
				67CDA3D12737468F0056C487 /* AVAsset+Extensions.swift */,
			);
			path = Extensions;
			sourceTree = "<group>";
		};
/* End PBXGroup section */

/* Begin PBXNativeTarget section */
		6770DDCC2736EFB900AA5277 /* AntiVaxx */ = {
			isa = PBXNativeTarget;
			buildConfigurationList = 6770DDF12736EFBA00AA5277 /* Build configuration list for PBXNativeTarget "AntiVaxx" */;
			buildPhases = (
				6770DDC92736EFB900AA5277 /* Sources */,
				6770DDCA2736EFB900AA5277 /* Frameworks */,
				6770DDCB2736EFB900AA5277 /* Resources */,
			);
			buildRules = (
			);
			dependencies = (
			);
			name = AntiVaxx;
			packageProductDependencies = (
				67CDA3BF2737068B0056C487 /* FirebaseAuth */,
				67CDA3C12737068B0056C487 /* FirebaseStorage */,
				674EAC322738635D00501D91 /* Camera-SwiftUI */,
			);
			productName = AntiVaxx;
			productReference = 6770DDCD2736EFB900AA5277 /* AntiVaxx.app */;
			productType = "com.apple.product-type.application";
		};
		6770DDDC2736EFBA00AA5277 /* AntiVaxxTests */ = {
			isa = PBXNativeTarget;
			buildConfigurationList = 6770DDF42736EFBA00AA5277 /* Build configuration list for PBXNativeTarget "AntiVaxxTests" */;
			buildPhases = (
				6770DDD92736EFBA00AA5277 /* Sources */,
				6770DDDA2736EFBA00AA5277 /* Frameworks */,
				6770DDDB2736EFBA00AA5277 /* Resources */,
			);
			buildRules = (
			);
			dependencies = (
				6770DDDF2736EFBA00AA5277 /* PBXTargetDependency */,
			);
			name = AntiVaxxTests;
			productName = AntiVaxxTests;
			productReference = 6770DDDD2736EFBA00AA5277 /* AntiVaxxTests.xctest */;
			productType = "com.apple.product-type.bundle.unit-test";
		};
		6770DDE62736EFBA00AA5277 /* AntiVaxxUITests */ = {
			isa = PBXNativeTarget;
			buildConfigurationList = 6770DDF72736EFBA00AA5277 /* Build configuration list for PBXNativeTarget "AntiVaxxUITests" */;
			buildPhases = (
				6770DDE32736EFBA00AA5277 /* Sources */,
				6770DDE42736EFBA00AA5277 /* Frameworks */,
				6770DDE52736EFBA00AA5277 /* Resources */,
			);
			buildRules = (
			);
			dependencies = (
				6770DDE92736EFBA00AA5277 /* PBXTargetDependency */,
			);
			name = AntiVaxxUITests;
			productName = AntiVaxxUITests;
			productReference = 6770DDE72736EFBA00AA5277 /* AntiVaxxUITests.xctest */;
			productType = "com.apple.product-type.bundle.ui-testing";
		};
/* End PBXNativeTarget section */

/* Begin PBXProject section */
		6770DDC52736EFB900AA5277 /* Project object */ = {
			isa = PBXProject;
			attributes = {
				BuildIndependentTargetsInParallel = 1;
				LastSwiftUpdateCheck = 1300;
				LastUpgradeCheck = 1300;
				TargetAttributes = {
					6770DDCC2736EFB900AA5277 = {
						CreatedOnToolsVersion = 13.0;
					};
					6770DDDC2736EFBA00AA5277 = {
						CreatedOnToolsVersion = 13.0;
						TestTargetID = 6770DDCC2736EFB900AA5277;
					};
					6770DDE62736EFBA00AA5277 = {
						CreatedOnToolsVersion = 13.0;
						TestTargetID = 6770DDCC2736EFB900AA5277;
					};
				};
			};
			buildConfigurationList = 6770DDC82736EFB900AA5277 /* Build configuration list for PBXProject "AntiVaxx" */;
			compatibilityVersion = "Xcode 13.0";
			developmentRegion = en;
			hasScannedForEncodings = 0;
			knownRegions = (
				en,
				Base,
			);
			mainGroup = 6770DDC42736EFB900AA5277;
			packageReferences = (
				67CDA3BE2737068B0056C487 /* XCRemoteSwiftPackageReference "firebase-ios-sdk" */,
				674EAC312738635C00501D91 /* XCRemoteSwiftPackageReference "Camera-SwiftUI" */,
			);
			productRefGroup = 6770DDCE2736EFB900AA5277 /* Products */;
			projectDirPath = "";
			projectRoot = "";
			targets = (
				6770DDCC2736EFB900AA5277 /* AntiVaxx */,
				6770DDDC2736EFBA00AA5277 /* AntiVaxxTests */,
				6770DDE62736EFBA00AA5277 /* AntiVaxxUITests */,
			);
		};
/* End PBXProject section */

/* Begin PBXResourcesBuildPhase section */
		6770DDCB2736EFB900AA5277 /* Resources */ = {
			isa = PBXResourcesBuildPhase;
			buildActionMask = 2147483647;
			files = (
				6770DDD82736EFBA00AA5277 /* Preview Assets.xcassets in Resources */,
				6770DDD52736EFBA00AA5277 /* Assets.xcassets in Resources */,
			);
			runOnlyForDeploymentPostprocessing = 0;
		};
		6770DDDB2736EFBA00AA5277 /* Resources */ = {
			isa = PBXResourcesBuildPhase;
			buildActionMask = 2147483647;
			files = (
			);
			runOnlyForDeploymentPostprocessing = 0;
		};
		6770DDE52736EFBA00AA5277 /* Resources */ = {
			isa = PBXResourcesBuildPhase;
			buildActionMask = 2147483647;
			files = (
			);
			runOnlyForDeploymentPostprocessing = 0;
		};
/* End PBXResourcesBuildPhase section */

/* Begin PBXSourcesBuildPhase section */
		6770DDC92736EFB900AA5277 /* Sources */ = {
			isa = PBXSourcesBuildPhase;
			buildActionMask = 2147483647;
			files = (
				67CDA3C8273710970056C487 /* SettingsView.swift in Sources */,
				67CDA3C4273710000056C487 /* HomeView.swift in Sources */,
				6770DDD32736EFB900AA5277 /* ContentView.swift in Sources */,
				67CDA3D6273748870056C487 /* PreviewView.swift in Sources */,
				67CDA3CF273729960056C487 /* TempVideoFile.swift in Sources */,
				67CDA3C6273710620056C487 /* RecordingView.swift in Sources */,
				67CDA3D22737468F0056C487 /* AVAsset+Extensions.swift in Sources */,
				67CDA3D42737481D0056C487 /* VideoRecordingView.swift in Sources */,
				67CDA3CB273729100056C487 /* CameraModel.swift in Sources */,
				67CDA3CD273729450056C487 /* Video.swift in Sources */,
				6770DDD12736EFB900AA5277 /* AntiVaxxApp.swift in Sources */,
			);
			runOnlyForDeploymentPostprocessing = 0;
		};
		6770DDD92736EFBA00AA5277 /* Sources */ = {
			isa = PBXSourcesBuildPhase;
			buildActionMask = 2147483647;
			files = (
				6770DDE22736EFBA00AA5277 /* AntiVaxxTests.swift in Sources */,
			);
			runOnlyForDeploymentPostprocessing = 0;
		};
		6770DDE32736EFBA00AA5277 /* Sources */ = {
			isa = PBXSourcesBuildPhase;
			buildActionMask = 2147483647;
			files = (
				6770DDEE2736EFBA00AA5277 /* AntiVaxxUITestsLaunchTests.swift in Sources */,
				6770DDEC2736EFBA00AA5277 /* AntiVaxxUITests.swift in Sources */,
			);
			runOnlyForDeploymentPostprocessing = 0;
		};
/* End PBXSourcesBuildPhase section */

/* Begin PBXTargetDependency section */
		6770DDDF2736EFBA00AA5277 /* PBXTargetDependency */ = {
			isa = PBXTargetDependency;
			target = 6770DDCC2736EFB900AA5277 /* AntiVaxx */;
			targetProxy = 6770DDDE2736EFBA00AA5277 /* PBXContainerItemProxy */;
		};
		6770DDE92736EFBA00AA5277 /* PBXTargetDependency */ = {
			isa = PBXTargetDependency;
			target = 6770DDCC2736EFB900AA5277 /* AntiVaxx */;
			targetProxy = 6770DDE82736EFBA00AA5277 /* PBXContainerItemProxy */;
		};
/* End PBXTargetDependency section */

/* Begin XCBuildConfiguration section */
		6770DDEF2736EFBA00AA5277 /* Debug */ = {
			isa = XCBuildConfiguration;
			buildSettings = {
				ALWAYS_SEARCH_USER_PATHS = NO;
				CLANG_ANALYZER_NONNULL = YES;
				CLANG_ANALYZER_NUMBER_OBJECT_CONVERSION = YES_AGGRESSIVE;
				CLANG_CXX_LANGUAGE_STANDARD = "gnu++17";
				CLANG_CXX_LIBRARY = "libc++";
				CLANG_ENABLE_MODULES = YES;
				CLANG_ENABLE_OBJC_ARC = YES;
				CLANG_ENABLE_OBJC_WEAK = YES;
				CLANG_WARN_BLOCK_CAPTURE_AUTORELEASING = YES;
				CLANG_WARN_BOOL_CONVERSION = YES;
				CLANG_WARN_COMMA = YES;
				CLANG_WARN_CONSTANT_CONVERSION = YES;
				CLANG_WARN_DEPRECATED_OBJC_IMPLEMENTATIONS = YES;
				CLANG_WARN_DIRECT_OBJC_ISA_USAGE = YES_ERROR;
				CLANG_WARN_DOCUMENTATION_COMMENTS = YES;
				CLANG_WARN_EMPTY_BODY = YES;
				CLANG_WARN_ENUM_CONVERSION = YES;
				CLANG_WARN_INFINITE_RECURSION = YES;
				CLANG_WARN_INT_CONVERSION = YES;
				CLANG_WARN_NON_LITERAL_NULL_CONVERSION = YES;
				CLANG_WARN_OBJC_IMPLICIT_RETAIN_SELF = YES;
				CLANG_WARN_OBJC_LITERAL_CONVERSION = YES;
				CLANG_WARN_OBJC_ROOT_CLASS = YES_ERROR;
				CLANG_WARN_QUOTED_INCLUDE_IN_FRAMEWORK_HEADER = YES;
				CLANG_WARN_RANGE_LOOP_ANALYSIS = YES;
				CLANG_WARN_STRICT_PROTOTYPES = YES;
				CLANG_WARN_SUSPICIOUS_MOVE = YES;
				CLANG_WARN_UNGUARDED_AVAILABILITY = YES_AGGRESSIVE;
				CLANG_WARN_UNREACHABLE_CODE = YES;
				CLANG_WARN__DUPLICATE_METHOD_MATCH = YES;
				COPY_PHASE_STRIP = NO;
				DEBUG_INFORMATION_FORMAT = dwarf;
				ENABLE_STRICT_OBJC_MSGSEND = YES;
				ENABLE_TESTABILITY = YES;
				GCC_C_LANGUAGE_STANDARD = gnu11;
				GCC_DYNAMIC_NO_PIC = NO;
				GCC_NO_COMMON_BLOCKS = YES;
				GCC_OPTIMIZATION_LEVEL = 0;
				GCC_PREPROCESSOR_DEFINITIONS = (
					"DEBUG=1",
					"$(inherited)",
				);
				GCC_WARN_64_TO_32_BIT_CONVERSION = YES;
				GCC_WARN_ABOUT_RETURN_TYPE = YES_ERROR;
				GCC_WARN_UNDECLARED_SELECTOR = YES;
				GCC_WARN_UNINITIALIZED_AUTOS = YES_AGGRESSIVE;
				GCC_WARN_UNUSED_FUNCTION = YES;
				GCC_WARN_UNUSED_VARIABLE = YES;
				IPHONEOS_DEPLOYMENT_TARGET = 15.0;
				MTL_ENABLE_DEBUG_INFO = INCLUDE_SOURCE;
				MTL_FAST_MATH = YES;
				ONLY_ACTIVE_ARCH = YES;
				SDKROOT = iphoneos;
				SWIFT_ACTIVE_COMPILATION_CONDITIONS = DEBUG;
				SWIFT_OPTIMIZATION_LEVEL = "-Onone";
			};
			name = Debug;
		};
		6770DDF02736EFBA00AA5277 /* Release */ = {
			isa = XCBuildConfiguration;
			buildSettings = {
				ALWAYS_SEARCH_USER_PATHS = NO;
				CLANG_ANALYZER_NONNULL = YES;
				CLANG_ANALYZER_NUMBER_OBJECT_CONVERSION = YES_AGGRESSIVE;
				CLANG_CXX_LANGUAGE_STANDARD = "gnu++17";
				CLANG_CXX_LIBRARY = "libc++";
				CLANG_ENABLE_MODULES = YES;
				CLANG_ENABLE_OBJC_ARC = YES;
				CLANG_ENABLE_OBJC_WEAK = YES;
				CLANG_WARN_BLOCK_CAPTURE_AUTORELEASING = YES;
				CLANG_WARN_BOOL_CONVERSION = YES;
				CLANG_WARN_COMMA = YES;
				CLANG_WARN_CONSTANT_CONVERSION = YES;
				CLANG_WARN_DEPRECATED_OBJC_IMPLEMENTATIONS = YES;
				CLANG_WARN_DIRECT_OBJC_ISA_USAGE = YES_ERROR;
				CLANG_WARN_DOCUMENTATION_COMMENTS = YES;
				CLANG_WARN_EMPTY_BODY = YES;
				CLANG_WARN_ENUM_CONVERSION = YES;
				CLANG_WARN_INFINITE_RECURSION = YES;
				CLANG_WARN_INT_CONVERSION = YES;
				CLANG_WARN_NON_LITERAL_NULL_CONVERSION = YES;
				CLANG_WARN_OBJC_IMPLICIT_RETAIN_SELF = YES;
				CLANG_WARN_OBJC_LITERAL_CONVERSION = YES;
				CLANG_WARN_OBJC_ROOT_CLASS = YES_ERROR;
				CLANG_WARN_QUOTED_INCLUDE_IN_FRAMEWORK_HEADER = YES;
				CLANG_WARN_RANGE_LOOP_ANALYSIS = YES;
				CLANG_WARN_STRICT_PROTOTYPES = YES;
				CLANG_WARN_SUSPICIOUS_MOVE = YES;
				CLANG_WARN_UNGUARDED_AVAILABILITY = YES_AGGRESSIVE;
				CLANG_WARN_UNREACHABLE_CODE = YES;
				CLANG_WARN__DUPLICATE_METHOD_MATCH = YES;
				COPY_PHASE_STRIP = NO;
				DEBUG_INFORMATION_FORMAT = "dwarf-with-dsym";
				ENABLE_NS_ASSERTIONS = NO;
				ENABLE_STRICT_OBJC_MSGSEND = YES;
				GCC_C_LANGUAGE_STANDARD = gnu11;
				GCC_NO_COMMON_BLOCKS = YES;
				GCC_WARN_64_TO_32_BIT_CONVERSION = YES;
				GCC_WARN_ABOUT_RETURN_TYPE = YES_ERROR;
				GCC_WARN_UNDECLARED_SELECTOR = YES;
				GCC_WARN_UNINITIALIZED_AUTOS = YES_AGGRESSIVE;
				GCC_WARN_UNUSED_FUNCTION = YES;
				GCC_WARN_UNUSED_VARIABLE = YES;
				IPHONEOS_DEPLOYMENT_TARGET = 15.0;
				MTL_ENABLE_DEBUG_INFO = NO;
				MTL_FAST_MATH = YES;
				SDKROOT = iphoneos;
				SWIFT_COMPILATION_MODE = wholemodule;
				SWIFT_OPTIMIZATION_LEVEL = "-O";
				VALIDATE_PRODUCT = YES;
			};
			name = Release;
		};
		6770DDF22736EFBA00AA5277 /* Debug */ = {
			isa = XCBuildConfiguration;
			buildSettings = {
				ASSETCATALOG_COMPILER_APPICON_NAME = AppIcon;
				ASSETCATALOG_COMPILER_GLOBAL_ACCENT_COLOR_NAME = AccentColor;
				CODE_SIGN_STYLE = Automatic;
				CURRENT_PROJECT_VERSION = 1;
				DEVELOPMENT_ASSET_PATHS = "\"AntiVaxx/Preview Content\"";
				DEVELOPMENT_TEAM = 2A64AF8LTG;
				ENABLE_PREVIEWS = YES;
				GENERATE_INFOPLIST_FILE = YES;
				INFOPLIST_KEY_NSCameraUsageDescription = "AntiVaxx uses Camera to capture AntiVaxx content";
				INFOPLIST_KEY_UIApplicationSceneManifest_Generation = YES;
				INFOPLIST_KEY_UIApplicationSupportsIndirectInputEvents = YES;
				INFOPLIST_KEY_UILaunchScreen_Generation = YES;
				INFOPLIST_KEY_UISupportedInterfaceOrientations_iPad = "UIInterfaceOrientationPortrait UIInterfaceOrientationPortraitUpsideDown UIInterfaceOrientationLandscapeLeft UIInterfaceOrientationLandscapeRight";
				INFOPLIST_KEY_UISupportedInterfaceOrientations_iPhone = "UIInterfaceOrientationPortrait UIInterfaceOrientationLandscapeLeft UIInterfaceOrientationLandscapeRight";
				IPHONEOS_DEPLOYMENT_TARGET = 14.0;
				LD_RUNPATH_SEARCH_PATHS = (
					"$(inherited)",
					"@executable_path/Frameworks",
				);
				MARKETING_VERSION = 1.0;
				PRODUCT_BUNDLE_IDENTIFIER = com.cipherbit.antivaxx;
				PRODUCT_NAME = "$(TARGET_NAME)";
				SWIFT_EMIT_LOC_STRINGS = YES;
				SWIFT_VERSION = 5.0;
				TARGETED_DEVICE_FAMILY = "1,2";
			};
			name = Debug;
		};
		6770DDF32736EFBA00AA5277 /* Release */ = {
			isa = XCBuildConfiguration;
			buildSettings = {
				ASSETCATALOG_COMPILER_APPICON_NAME = AppIcon;
				ASSETCATALOG_COMPILER_GLOBAL_ACCENT_COLOR_NAME = AccentColor;
				CODE_SIGN_STYLE = Automatic;
				CURRENT_PROJECT_VERSION = 1;
				DEVELOPMENT_ASSET_PATHS = "\"AntiVaxx/Preview Content\"";
				DEVELOPMENT_TEAM = 2A64AF8LTG;
				ENABLE_PREVIEWS = YES;
				GENERATE_INFOPLIST_FILE = YES;
				INFOPLIST_KEY_NSCameraUsageDescription = "AntiVaxx uses Camera to capture AntiVaxx content";
				INFOPLIST_KEY_UIApplicationSceneManifest_Generation = YES;
				INFOPLIST_KEY_UIApplicationSupportsIndirectInputEvents = YES;
				INFOPLIST_KEY_UILaunchScreen_Generation = YES;
				INFOPLIST_KEY_UISupportedInterfaceOrientations_iPad = "UIInterfaceOrientationPortrait UIInterfaceOrientationPortraitUpsideDown UIInterfaceOrientationLandscapeLeft UIInterfaceOrientationLandscapeRight";
				INFOPLIST_KEY_UISupportedInterfaceOrientations_iPhone = "UIInterfaceOrientationPortrait UIInterfaceOrientationLandscapeLeft UIInterfaceOrientationLandscapeRight";
				IPHONEOS_DEPLOYMENT_TARGET = 14.0;
				LD_RUNPATH_SEARCH_PATHS = (
					"$(inherited)",
					"@executable_path/Frameworks",
				);
				MARKETING_VERSION = 1.0;
				PRODUCT_BUNDLE_IDENTIFIER = com.cipherbit.antivaxx;
				PRODUCT_NAME = "$(TARGET_NAME)";
				SWIFT_EMIT_LOC_STRINGS = YES;
				SWIFT_VERSION = 5.0;
				TARGETED_DEVICE_FAMILY = "1,2";
			};
			name = Release;
		};
		6770DDF52736EFBA00AA5277 /* Debug */ = {
			isa = XCBuildConfiguration;
			buildSettings = {
				ALWAYS_EMBED_SWIFT_STANDARD_LIBRARIES = YES;
				BUNDLE_LOADER = "$(TEST_HOST)";
				CODE_SIGN_STYLE = Automatic;
				CURRENT_PROJECT_VERSION = 1;
				DEVELOPMENT_TEAM = 2A64AF8LTG;
				GENERATE_INFOPLIST_FILE = YES;
				IPHONEOS_DEPLOYMENT_TARGET = 14.0;
				LD_RUNPATH_SEARCH_PATHS = (
					"$(inherited)",
					"@executable_path/Frameworks",
					"@loader_path/Frameworks",
				);
				MARKETING_VERSION = 1.0;
				PRODUCT_BUNDLE_IDENTIFIER = com.cipherbit.antivaxx.AntiVaxxTests;
				PRODUCT_NAME = "$(TARGET_NAME)";
				SWIFT_EMIT_LOC_STRINGS = NO;
				SWIFT_VERSION = 5.0;
				TARGETED_DEVICE_FAMILY = "1,2";
				TEST_HOST = "$(BUILT_PRODUCTS_DIR)/AntiVaxx.app/AntiVaxx";
			};
			name = Debug;
		};
		6770DDF62736EFBA00AA5277 /* Release */ = {
			isa = XCBuildConfiguration;
			buildSettings = {
				ALWAYS_EMBED_SWIFT_STANDARD_LIBRARIES = YES;
				BUNDLE_LOADER = "$(TEST_HOST)";
				CODE_SIGN_STYLE = Automatic;
				CURRENT_PROJECT_VERSION = 1;
				DEVELOPMENT_TEAM = 2A64AF8LTG;
				GENERATE_INFOPLIST_FILE = YES;
				IPHONEOS_DEPLOYMENT_TARGET = 14.0;
				LD_RUNPATH_SEARCH_PATHS = (
					"$(inherited)",
					"@executable_path/Frameworks",
					"@loader_path/Frameworks",
				);
				MARKETING_VERSION = 1.0;
				PRODUCT_BUNDLE_IDENTIFIER = com.cipherbit.antivaxx.AntiVaxxTests;
				PRODUCT_NAME = "$(TARGET_NAME)";
				SWIFT_EMIT_LOC_STRINGS = NO;
				SWIFT_VERSION = 5.0;
				TARGETED_DEVICE_FAMILY = "1,2";
				TEST_HOST = "$(BUILT_PRODUCTS_DIR)/AntiVaxx.app/AntiVaxx";
			};
			name = Release;
		};
		6770DDF82736EFBA00AA5277 /* Debug */ = {
			isa = XCBuildConfiguration;
			buildSettings = {
				ALWAYS_EMBED_SWIFT_STANDARD_LIBRARIES = YES;
				CODE_SIGN_STYLE = Automatic;
				CURRENT_PROJECT_VERSION = 1;
				DEVELOPMENT_TEAM = 2A64AF8LTG;
				GENERATE_INFOPLIST_FILE = YES;
				LD_RUNPATH_SEARCH_PATHS = (
					"$(inherited)",
					"@executable_path/Frameworks",
					"@loader_path/Frameworks",
				);
				MARKETING_VERSION = 1.0;
				PRODUCT_BUNDLE_IDENTIFIER = com.cipherbit.antivaxx.AntiVaxxUITests;
				PRODUCT_NAME = "$(TARGET_NAME)";
				SWIFT_EMIT_LOC_STRINGS = NO;
				SWIFT_VERSION = 5.0;
				TARGETED_DEVICE_FAMILY = "1,2";
				TEST_TARGET_NAME = AntiVaxx;
			};
			name = Debug;
		};
		6770DDF92736EFBA00AA5277 /* Release */ = {
			isa = XCBuildConfiguration;
			buildSettings = {
				ALWAYS_EMBED_SWIFT_STANDARD_LIBRARIES = YES;
				CODE_SIGN_STYLE = Automatic;
				CURRENT_PROJECT_VERSION = 1;
				DEVELOPMENT_TEAM = 2A64AF8LTG;
				GENERATE_INFOPLIST_FILE = YES;
				LD_RUNPATH_SEARCH_PATHS = (
					"$(inherited)",
					"@executable_path/Frameworks",
					"@loader_path/Frameworks",
				);
				MARKETING_VERSION = 1.0;
				PRODUCT_BUNDLE_IDENTIFIER = com.cipherbit.antivaxx.AntiVaxxUITests;
				PRODUCT_NAME = "$(TARGET_NAME)";
				SWIFT_EMIT_LOC_STRINGS = NO;
				SWIFT_VERSION = 5.0;
				TARGETED_DEVICE_FAMILY = "1,2";
				TEST_TARGET_NAME = AntiVaxx;
			};
			name = Release;
		};
/* End XCBuildConfiguration section */

/* Begin XCConfigurationList section */
		6770DDC82736EFB900AA5277 /* Build configuration list for PBXProject "AntiVaxx" */ = {
			isa = XCConfigurationList;
			buildConfigurations = (
				6770DDEF2736EFBA00AA5277 /* Debug */,
				6770DDF02736EFBA00AA5277 /* Release */,
			);
			defaultConfigurationIsVisible = 0;
			defaultConfigurationName = Release;
		};
		6770DDF12736EFBA00AA5277 /* Build configuration list for PBXNativeTarget "AntiVaxx" */ = {
			isa = XCConfigurationList;
			buildConfigurations = (
				6770DDF22736EFBA00AA5277 /* Debug */,
				6770DDF32736EFBA00AA5277 /* Release */,
			);
			defaultConfigurationIsVisible = 0;
			defaultConfigurationName = Release;
		};
		6770DDF42736EFBA00AA5277 /* Build configuration list for PBXNativeTarget "AntiVaxxTests" */ = {
			isa = XCConfigurationList;
			buildConfigurations = (
				6770DDF52736EFBA00AA5277 /* Debug */,
				6770DDF62736EFBA00AA5277 /* Release */,
			);
			defaultConfigurationIsVisible = 0;
			defaultConfigurationName = Release;
		};
		6770DDF72736EFBA00AA5277 /* Build configuration list for PBXNativeTarget "AntiVaxxUITests" */ = {
			isa = XCConfigurationList;
			buildConfigurations = (
				6770DDF82736EFBA00AA5277 /* Debug */,
				6770DDF92736EFBA00AA5277 /* Release */,
			);
			defaultConfigurationIsVisible = 0;
			defaultConfigurationName = Release;
		};
/* End XCConfigurationList section */

/* Begin XCRemoteSwiftPackageReference section */
		674EAC312738635C00501D91 /* XCRemoteSwiftPackageReference "Camera-SwiftUI" */ = {
			isa = XCRemoteSwiftPackageReference;
			repositoryURL = "https://github.com/rorodriguez116/Camera-SwiftUI.git";
			requirement = {
				kind = upToNextMajorVersion;
				minimumVersion = 0.0.5;
			};
		};
		67CDA3BE2737068B0056C487 /* XCRemoteSwiftPackageReference "firebase-ios-sdk" */ = {
			isa = XCRemoteSwiftPackageReference;
			repositoryURL = "https://github.com/firebase/firebase-ios-sdk.git";
			requirement = {
				kind = upToNextMajorVersion;
				minimumVersion = 8.0.0;
			};
		};
/* End XCRemoteSwiftPackageReference section */

/* Begin XCSwiftPackageProductDependency section */
		674EAC322738635D00501D91 /* Camera-SwiftUI */ = {
			isa = XCSwiftPackageProductDependency;
			package = 674EAC312738635C00501D91 /* XCRemoteSwiftPackageReference "Camera-SwiftUI" */;
			productName = "Camera-SwiftUI";
		};
		67CDA3BF2737068B0056C487 /* FirebaseAuth */ = {
			isa = XCSwiftPackageProductDependency;
			package = 67CDA3BE2737068B0056C487 /* XCRemoteSwiftPackageReference "firebase-ios-sdk" */;
			productName = FirebaseAuth;
		};
		67CDA3C12737068B0056C487 /* FirebaseStorage */ = {
			isa = XCSwiftPackageProductDependency;
			package = 67CDA3BE2737068B0056C487 /* XCRemoteSwiftPackageReference "firebase-ios-sdk" */;
			productName = FirebaseStorage;
		};
/* End XCSwiftPackageProductDependency section */
	};
	rootObject = 6770DDC52736EFB900AA5277 /* Project object */;
}
